
Microsoft Visual Studio Solution File, Format Version 12.00
# Visual Studio Version 17
VisualStudioVersion = 17.6.33712.159
MinimumVisualStudioVersion = 10.0.40219.1
Project("{FAE04EC0-301F-11D3-BF4B-00C04F79EFBC}") = "FetchToDoListFunc", "FetchToDoListFunc\FetchToDoListFunc.csproj", "{81BA5A65-ACC8-483E-8663-D7FF794934C2}"
EndProject
Global
	GlobalSection(SolutionConfigurationPlatforms) = preSolution
		Debug|Any CPU = Debug|Any CPU
		Release|Any CPU = Release|Any CPU
	EndGlobalSection
	GlobalSection(ProjectConfigurationPlatforms) = postSolution
		{81BA5A65-ACC8-483E-8663-D7FF794934C2}.Debug|Any CPU.ActiveCfg = Debug|Any CPU
		{81BA5A65-ACC8-483E-8663-D7FF794934C2}.Debug|Any CPU.Build.0 = Debug|Any CPU
		{81BA5A65-ACC8-483E-8663-D7FF794934C2}.Release|Any CPU.ActiveCfg = Release|Any CPU
		{81BA5A65-ACC8-483E-8663-D7FF794934C2}.Release|Any CPU.Build.0 = Release|Any CPU
	EndGlobalSection
	GlobalSection(SolutionProperties) = preSolution
		HideSolutionNode = FALSE
	EndGlobalSection
	GlobalSection(ExtensibilityGlobals) = postSolution
		SolutionGuid = {647E9302-95C1-4483-8E44-4621FF7CA14B}
	EndGlobalSection
EndGlobal
